
Microsoft Visual Studio Solution File, Format Version 12.00
# Visual Studio 15
VisualStudioVersion = 15.0.28307.705
MinimumVisualStudioVersion = 10.0.40219.1
Project("{FAE04EC0-301F-11D3-BF4B-00C04F79EFBC}") = "Test2808", "Test2808\Test2808.csproj", "{4FD3886E-0736-4F01-9931-A5ECA7788FD3}"
EndProject
Global
	GlobalSection(SolutionConfigurationPlatforms) = preSolution
		Debug|Any CPU = Debug|Any CPU
		Release|Any CPU = Release|Any CPU
	EndGlobalSection
	GlobalSection(ProjectConfigurationPlatforms) = postSolution
		{4FD3886E-0736-4F01-9931-A5ECA7788FD3}.Debug|Any CPU.ActiveCfg = Debug|Any CPU
		{4FD3886E-0736-4F01-9931-A5ECA7788FD3}.Debug|Any CPU.Build.0 = Debug|Any CPU
		{4FD3886E-0736-4F01-9931-A5ECA7788FD3}.Release|Any CPU.ActiveCfg = Release|Any CPU
		{4FD3886E-0736-4F01-9931-A5ECA7788FD3}.Release|Any CPU.Build.0 = Release|Any CPU
	EndGlobalSection
	GlobalSection(SolutionProperties) = preSolution
		HideSolutionNode = FALSE
	EndGlobalSection
	GlobalSection(ExtensibilityGlobals) = postSolution
		SolutionGuid = {C808B276-2163-4C5C-B3B8-0DEB2F6C3154}
	EndGlobalSection
EndGlobal
