
Microsoft Visual Studio Solution File, Format Version 12.00
# Visual Studio 15
VisualStudioVersion = 15.0.28307.705
MinimumVisualStudioVersion = 10.0.40219.1
Project("{FAE04EC0-301F-11D3-BF4B-00C04F79EFBC}") = "Test2808Part2", "Test2808Part2\Test2808Part2.csproj", "{1E3D50EA-1291-4A27-92ED-E3F35088A79C}"
EndProject
Project("{FAE04EC0-301F-11D3-BF4B-00C04F79EFBC}") = "EX3", "EX3\EX3.csproj", "{FE92E890-19C7-4FFD-B29B-D207FB547ABB}"
EndProject
Global
	GlobalSection(SolutionConfigurationPlatforms) = preSolution
		Debug|Any CPU = Debug|Any CPU
		Release|Any CPU = Release|Any CPU
	EndGlobalSection
	GlobalSection(ProjectConfigurationPlatforms) = postSolution
		{1E3D50EA-1291-4A27-92ED-E3F35088A79C}.Debug|Any CPU.ActiveCfg = Debug|Any CPU
		{1E3D50EA-1291-4A27-92ED-E3F35088A79C}.Debug|Any CPU.Build.0 = Debug|Any CPU
		{1E3D50EA-1291-4A27-92ED-E3F35088A79C}.Release|Any CPU.ActiveCfg = Release|Any CPU
		{1E3D50EA-1291-4A27-92ED-E3F35088A79C}.Release|Any CPU.Build.0 = Release|Any CPU
		{FE92E890-19C7-4FFD-B29B-D207FB547ABB}.Debug|Any CPU.ActiveCfg = Debug|Any CPU
		{FE92E890-19C7-4FFD-B29B-D207FB547ABB}.Debug|Any CPU.Build.0 = Debug|Any CPU
		{FE92E890-19C7-4FFD-B29B-D207FB547ABB}.Release|Any CPU.ActiveCfg = Release|Any CPU
		{FE92E890-19C7-4FFD-B29B-D207FB547ABB}.Release|Any CPU.Build.0 = Release|Any CPU
	EndGlobalSection
	GlobalSection(SolutionProperties) = preSolution
		HideSolutionNode = FALSE
	EndGlobalSection
	GlobalSection(ExtensibilityGlobals) = postSolution
		SolutionGuid = {11D79093-BD24-420F-89A4-192910C42985}
	EndGlobalSection
EndGlobal
